
Microsoft Visual Studio Solution File, Format Version 12.00
Project("{FAE04EC0-301F-11D3-BF4B-00C04F79EFBC}") = "BE-Hovedopgave-2024-2025", "BE-Hovedopgave-2024-2025\BE-Hovedopgave-2024-2025.csproj", "{67FB3EE5-6702-4690-8306-062F70ED1078}"
EndProject
Project("{FAE04EC0-301F-11D3-BF4B-00C04F79EFBC}") = "NUnitTest", "NUnitTest\NUnitTest.csproj", "{753DC3A3-5813-4FC7-8C54-85C4D95C3244}"
EndProject
Global
	GlobalSection(SolutionConfigurationPlatforms) = preSolution
		Debug|Any CPU = Debug|Any CPU
		Release|Any CPU = Release|Any CPU
	EndGlobalSection
	GlobalSection(ProjectConfigurationPlatforms) = postSolution
		{67FB3EE5-6702-4690-8306-062F70ED1078}.Debug|Any CPU.ActiveCfg = Debug|Any CPU
		{67FB3EE5-6702-4690-8306-062F70ED1078}.Debug|Any CPU.Build.0 = Debug|Any CPU
		{67FB3EE5-6702-4690-8306-062F70ED1078}.Release|Any CPU.ActiveCfg = Release|Any CPU
		{67FB3EE5-6702-4690-8306-062F70ED1078}.Release|Any CPU.Build.0 = Release|Any CPU
		{753DC3A3-5813-4FC7-8C54-85C4D95C3244}.Debug|Any CPU.ActiveCfg = Debug|Any CPU
		{753DC3A3-5813-4FC7-8C54-85C4D95C3244}.Debug|Any CPU.Build.0 = Debug|Any CPU
		{753DC3A3-5813-4FC7-8C54-85C4D95C3244}.Release|Any CPU.ActiveCfg = Release|Any CPU
		{753DC3A3-5813-4FC7-8C54-85C4D95C3244}.Release|Any CPU.Build.0 = Release|Any CPU
	EndGlobalSection
EndGlobal
